
Microsoft Visual Studio Solution File, Format Version 12.00
# Visual Studio Version 17
VisualStudioVersion = 17.9.34622.214
MinimumVisualStudioVersion = 10.0.40219.1
Project("{FAE04EC0-301F-11D3-BF4B-00C04F79EFBC}") = "EmprestimoLivros", "EmprestimoLivros\EmprestimoLivros.csproj", "{4C7E614D-6E2B-4100-934F-500845BE8092}"
EndProject
Global
	GlobalSection(SolutionConfigurationPlatforms) = preSolution
		Debug|Any CPU = Debug|Any CPU
		Release|Any CPU = Release|Any CPU
	EndGlobalSection
	GlobalSection(ProjectConfigurationPlatforms) = postSolution
		{4C7E614D-6E2B-4100-934F-500845BE8092}.Debug|Any CPU.ActiveCfg = Debug|Any CPU
		{4C7E614D-6E2B-4100-934F-500845BE8092}.Debug|Any CPU.Build.0 = Debug|Any CPU
		{4C7E614D-6E2B-4100-934F-500845BE8092}.Release|Any CPU.ActiveCfg = Release|Any CPU
		{4C7E614D-6E2B-4100-934F-500845BE8092}.Release|Any CPU.Build.0 = Release|Any CPU
	EndGlobalSection
	GlobalSection(SolutionProperties) = preSolution
		HideSolutionNode = FALSE
	EndGlobalSection
	GlobalSection(ExtensibilityGlobals) = postSolution
		SolutionGuid = {AFB94C0F-ACCA-4FE4-9B73-44B270493DED}
	EndGlobalSection
EndGlobal
